
Microsoft Visual Studio Solution File, Format Version 12.00
# Visual Studio 14
VisualStudioVersion = 14.0.25420.1
MinimumVisualStudioVersion = 10.0.40219.1
Project("{8BC9CEB8-8B4A-11D0-8D11-00A0C91BC942}") = "C++ Group Project", "C++ Group Project\C++ Group Project.vcxproj", "{4E6F6235-209F-423A-890B-80B97AA6A1DC}"
EndProject
Project("{8BC9CEB8-8B4A-11D0-8D11-00A0C91BC942}") = "irrKlangTest", "irrKlangTest\irrKlangTest.vcxproj", "{2FE2D59D-B47E-4121-96E5-4316165AA0AF}"
EndProject
Global
	GlobalSection(SolutionConfigurationPlatforms) = preSolution
		Debug|x64 = Debug|x64
		Debug|x86 = Debug|x86
		Release|x64 = Release|x64
		Release|x86 = Release|x86
	EndGlobalSection
	GlobalSection(ProjectConfigurationPlatforms) = postSolution
		{4E6F6235-209F-423A-890B-80B97AA6A1DC}.Debug|x64.ActiveCfg = Debug|x64
		{4E6F6235-209F-423A-890B-80B97AA6A1DC}.Debug|x64.Build.0 = Debug|x64
		{4E6F6235-209F-423A-890B-80B97AA6A1DC}.Debug|x86.ActiveCfg = Debug|Win32
		{4E6F6235-209F-423A-890B-80B97AA6A1DC}.Debug|x86.Build.0 = Debug|Win32
		{4E6F6235-209F-423A-890B-80B97AA6A1DC}.Release|x64.ActiveCfg = Release|x64
		{4E6F6235-209F-423A-890B-80B97AA6A1DC}.Release|x64.Build.0 = Release|x64
		{4E6F6235-209F-423A-890B-80B97AA6A1DC}.Release|x86.ActiveCfg = Release|Win32
		{4E6F6235-209F-423A-890B-80B97AA6A1DC}.Release|x86.Build.0 = Release|Win32
		{2FE2D59D-B47E-4121-96E5-4316165AA0AF}.Debug|x64.ActiveCfg = Debug|x64
		{2FE2D59D-B47E-4121-96E5-4316165AA0AF}.Debug|x64.Build.0 = Debug|x64
		{2FE2D59D-B47E-4121-96E5-4316165AA0AF}.Debug|x86.ActiveCfg = Debug|Win32
		{2FE2D59D-B47E-4121-96E5-4316165AA0AF}.Debug|x86.Build.0 = Debug|Win32
		{2FE2D59D-B47E-4121-96E5-4316165AA0AF}.Release|x64.ActiveCfg = Release|x64
		{2FE2D59D-B47E-4121-96E5-4316165AA0AF}.Release|x64.Build.0 = Release|x64
		{2FE2D59D-B47E-4121-96E5-4316165AA0AF}.Release|x86.ActiveCfg = Release|Win32
		{2FE2D59D-B47E-4121-96E5-4316165AA0AF}.Release|x86.Build.0 = Release|Win32
	EndGlobalSection
	GlobalSection(SolutionProperties) = preSolution
		HideSolutionNode = FALSE
	EndGlobalSection
EndGlobal
